
Microsoft Visual Studio Solution File, Format Version 12.00
# Visual Studio Version 17
VisualStudioVersion = 17.10.34928.147
MinimumVisualStudioVersion = 10.0.40219.1
Project("{9A19103F-16F7-4668-BE54-9A1E7A4F7556}") = "Invoice form", "Invoice form\Invoice form.csproj", "{8C528D20-09B1-44ED-9CE7-9E8A45009784}"
EndProject
Project("{FAE04EC0-301F-11D3-BF4B-00C04F79EFBC}") = "WinFormsApp1", "..\..\WinFormsApp1\WinFormsApp1.csproj", "{9D97BBAF-4339-4189-9560-C0F59434A49C}"
EndProject
Global
	GlobalSection(SolutionConfigurationPlatforms) = preSolution
		Debug|Any CPU = Debug|Any CPU
		Release|Any CPU = Release|Any CPU
	EndGlobalSection
	GlobalSection(ProjectConfigurationPlatforms) = postSolution
		{8C528D20-09B1-44ED-9CE7-9E8A45009784}.Debug|Any CPU.ActiveCfg = Debug|Any CPU
		{8C528D20-09B1-44ED-9CE7-9E8A45009784}.Debug|Any CPU.Build.0 = Debug|Any CPU
		{8C528D20-09B1-44ED-9CE7-9E8A45009784}.Release|Any CPU.ActiveCfg = Release|Any CPU
		{8C528D20-09B1-44ED-9CE7-9E8A45009784}.Release|Any CPU.Build.0 = Release|Any CPU
		{9D97BBAF-4339-4189-9560-C0F59434A49C}.Debug|Any CPU.ActiveCfg = Debug|Any CPU
		{9D97BBAF-4339-4189-9560-C0F59434A49C}.Debug|Any CPU.Build.0 = Debug|Any CPU
		{9D97BBAF-4339-4189-9560-C0F59434A49C}.Release|Any CPU.ActiveCfg = Release|Any CPU
		{9D97BBAF-4339-4189-9560-C0F59434A49C}.Release|Any CPU.Build.0 = Release|Any CPU
	EndGlobalSection
	GlobalSection(SolutionProperties) = preSolution
		HideSolutionNode = FALSE
	EndGlobalSection
	GlobalSection(ExtensibilityGlobals) = postSolution
		SolutionGuid = {F29C289D-5D25-45BC-AD0F-98EDCF224863}
	EndGlobalSection
EndGlobal
